
Microsoft Visual Studio Solution File, Format Version 12.00
# Visual Studio Version 17
VisualStudioVersion = 17.4.33213.308
MinimumVisualStudioVersion = 10.0.40219.1
Project("{9A19103F-16F7-4668-BE54-9A1E7A4F7556}") = "GreeterService", "GreeterService\GreeterService.csproj", "{B89C03D1-E22E-4648-8937-D9829D136D64}"
EndProject
Project("{9A19103F-16F7-4668-BE54-9A1E7A4F7556}") = "GreeterClient", "GreeterClient\GreeterClient.csproj", "{267DBBBD-A063-44E1-8FA4-1229A0F2B1AB}"
EndProject
Project("{E53339B2-1760-4266-BCC7-CA923CBCF16C}") = "docker-compose", "docker-compose.dcproj", "{2DD36B37-646C-4D3F-9D7D-CC4C55AAAA68}"
EndProject
Project("{2150E333-8FDC-42A3-9474-1A3956D46DE8}") = "envoy", "envoy", "{18E89EBA-0665-41B5-93F6-564DB9E00E4E}"
	ProjectSection(SolutionItems) = preProject
		envoy\Dockerfile = envoy\Dockerfile
		envoy\envoy.yaml = envoy\envoy.yaml
	EndProjectSection
EndProject
Project("{2150E333-8FDC-42A3-9474-1A3956D46DE8}") = "Platforms", "Platforms", "{0460DC92-6957-45D4-83D2-640F10CAC926}"
EndProject
Project("{FAE04EC0-301F-11D3-BF4B-00C04F79EFBC}") = "Business", "Business\Business.csproj", "{65FCB614-4942-49E9-9B8A-165606C927AD}"
EndProject
Project("{FAE04EC0-301F-11D3-BF4B-00C04F79EFBC}") = "WasmSample", "WasmSample\WasmSample\WasmSample.csproj", "{63D25A02-E2FD-4288-913B-1E9CD8D0D44A}"
EndProject
Project("{FAE04EC0-301F-11D3-BF4B-00C04F79EFBC}") = "WasmSample.Wasm", "WasmSample\WasmSample.Wasm\WasmSample.Wasm.csproj", "{5E042955-9724-48C6-B2B1-DB011BDCC9E1}"
EndProject
Global
	GlobalSection(SolutionConfigurationPlatforms) = preSolution
		Debug|Any CPU = Debug|Any CPU
		Debug|arm64 = Debug|arm64
		Debug|x64 = Debug|x64
		Debug|x86 = Debug|x86
		Release|Any CPU = Release|Any CPU
		Release|arm64 = Release|arm64
		Release|x64 = Release|x64
		Release|x86 = Release|x86
	EndGlobalSection
	GlobalSection(ProjectConfigurationPlatforms) = postSolution
		{B89C03D1-E22E-4648-8937-D9829D136D64}.Debug|Any CPU.ActiveCfg = Debug|Any CPU
		{B89C03D1-E22E-4648-8937-D9829D136D64}.Debug|Any CPU.Build.0 = Debug|Any CPU
		{B89C03D1-E22E-4648-8937-D9829D136D64}.Debug|arm64.ActiveCfg = Debug|Any CPU
		{B89C03D1-E22E-4648-8937-D9829D136D64}.Debug|arm64.Build.0 = Debug|Any CPU
		{B89C03D1-E22E-4648-8937-D9829D136D64}.Debug|x64.ActiveCfg = Debug|Any CPU
		{B89C03D1-E22E-4648-8937-D9829D136D64}.Debug|x64.Build.0 = Debug|Any CPU
		{B89C03D1-E22E-4648-8937-D9829D136D64}.Debug|x86.ActiveCfg = Debug|Any CPU
		{B89C03D1-E22E-4648-8937-D9829D136D64}.Debug|x86.Build.0 = Debug|Any CPU
		{B89C03D1-E22E-4648-8937-D9829D136D64}.Release|Any CPU.ActiveCfg = Release|Any CPU
		{B89C03D1-E22E-4648-8937-D9829D136D64}.Release|Any CPU.Build.0 = Release|Any CPU
		{B89C03D1-E22E-4648-8937-D9829D136D64}.Release|arm64.ActiveCfg = Release|Any CPU
		{B89C03D1-E22E-4648-8937-D9829D136D64}.Release|arm64.Build.0 = Release|Any CPU
		{B89C03D1-E22E-4648-8937-D9829D136D64}.Release|x64.ActiveCfg = Release|Any CPU
		{B89C03D1-E22E-4648-8937-D9829D136D64}.Release|x64.Build.0 = Release|Any CPU
		{B89C03D1-E22E-4648-8937-D9829D136D64}.Release|x86.ActiveCfg = Release|Any CPU
		{B89C03D1-E22E-4648-8937-D9829D136D64}.Release|x86.Build.0 = Release|Any CPU
		{267DBBBD-A063-44E1-8FA4-1229A0F2B1AB}.Debug|Any CPU.ActiveCfg = Debug|Any CPU
		{267DBBBD-A063-44E1-8FA4-1229A0F2B1AB}.Debug|Any CPU.Build.0 = Debug|Any CPU
		{267DBBBD-A063-44E1-8FA4-1229A0F2B1AB}.Debug|arm64.ActiveCfg = Debug|Any CPU
		{267DBBBD-A063-44E1-8FA4-1229A0F2B1AB}.Debug|arm64.Build.0 = Debug|Any CPU
		{267DBBBD-A063-44E1-8FA4-1229A0F2B1AB}.Debug|x64.ActiveCfg = Debug|Any CPU
		{267DBBBD-A063-44E1-8FA4-1229A0F2B1AB}.Debug|x64.Build.0 = Debug|Any CPU
		{267DBBBD-A063-44E1-8FA4-1229A0F2B1AB}.Debug|x86.ActiveCfg = Debug|Any CPU
		{267DBBBD-A063-44E1-8FA4-1229A0F2B1AB}.Debug|x86.Build.0 = Debug|Any CPU
		{267DBBBD-A063-44E1-8FA4-1229A0F2B1AB}.Release|Any CPU.ActiveCfg = Release|Any CPU
		{267DBBBD-A063-44E1-8FA4-1229A0F2B1AB}.Release|Any CPU.Build.0 = Release|Any CPU
		{267DBBBD-A063-44E1-8FA4-1229A0F2B1AB}.Release|arm64.ActiveCfg = Release|Any CPU
		{267DBBBD-A063-44E1-8FA4-1229A0F2B1AB}.Release|arm64.Build.0 = Release|Any CPU
		{267DBBBD-A063-44E1-8FA4-1229A0F2B1AB}.Release|x64.ActiveCfg = Release|Any CPU
		{267DBBBD-A063-44E1-8FA4-1229A0F2B1AB}.Release|x64.Build.0 = Release|Any CPU
		{267DBBBD-A063-44E1-8FA4-1229A0F2B1AB}.Release|x86.ActiveCfg = Release|Any CPU
		{267DBBBD-A063-44E1-8FA4-1229A0F2B1AB}.Release|x86.Build.0 = Release|Any CPU
		{2DD36B37-646C-4D3F-9D7D-CC4C55AAAA68}.Debug|Any CPU.ActiveCfg = Debug|Any CPU
		{2DD36B37-646C-4D3F-9D7D-CC4C55AAAA68}.Debug|Any CPU.Build.0 = Debug|Any CPU
		{2DD36B37-646C-4D3F-9D7D-CC4C55AAAA68}.Debug|arm64.ActiveCfg = Debug|Any CPU
		{2DD36B37-646C-4D3F-9D7D-CC4C55AAAA68}.Debug|arm64.Build.0 = Debug|Any CPU
		{2DD36B37-646C-4D3F-9D7D-CC4C55AAAA68}.Debug|x64.ActiveCfg = Debug|Any CPU
		{2DD36B37-646C-4D3F-9D7D-CC4C55AAAA68}.Debug|x64.Build.0 = Debug|Any CPU
		{2DD36B37-646C-4D3F-9D7D-CC4C55AAAA68}.Debug|x86.ActiveCfg = Debug|Any CPU
		{2DD36B37-646C-4D3F-9D7D-CC4C55AAAA68}.Debug|x86.Build.0 = Debug|Any CPU
		{2DD36B37-646C-4D3F-9D7D-CC4C55AAAA68}.Release|Any CPU.ActiveCfg = Release|Any CPU
		{2DD36B37-646C-4D3F-9D7D-CC4C55AAAA68}.Release|Any CPU.Build.0 = Release|Any CPU
		{2DD36B37-646C-4D3F-9D7D-CC4C55AAAA68}.Release|arm64.ActiveCfg = Release|Any CPU
		{2DD36B37-646C-4D3F-9D7D-CC4C55AAAA68}.Release|arm64.Build.0 = Release|Any CPU
		{2DD36B37-646C-4D3F-9D7D-CC4C55AAAA68}.Release|x64.ActiveCfg = Release|Any CPU
		{2DD36B37-646C-4D3F-9D7D-CC4C55AAAA68}.Release|x64.Build.0 = Release|Any CPU
		{2DD36B37-646C-4D3F-9D7D-CC4C55AAAA68}.Release|x86.ActiveCfg = Release|Any CPU
		{2DD36B37-646C-4D3F-9D7D-CC4C55AAAA68}.Release|x86.Build.0 = Release|Any CPU
		{65FCB614-4942-49E9-9B8A-165606C927AD}.Debug|Any CPU.ActiveCfg = Debug|Any CPU
		{65FCB614-4942-49E9-9B8A-165606C927AD}.Debug|Any CPU.Build.0 = Debug|Any CPU
		{65FCB614-4942-49E9-9B8A-165606C927AD}.Debug|arm64.ActiveCfg = Debug|Any CPU
		{65FCB614-4942-49E9-9B8A-165606C927AD}.Debug|arm64.Build.0 = Debug|Any CPU
		{65FCB614-4942-49E9-9B8A-165606C927AD}.Debug|x64.ActiveCfg = Debug|Any CPU
		{65FCB614-4942-49E9-9B8A-165606C927AD}.Debug|x64.Build.0 = Debug|Any CPU
		{65FCB614-4942-49E9-9B8A-165606C927AD}.Debug|x86.ActiveCfg = Debug|Any CPU
		{65FCB614-4942-49E9-9B8A-165606C927AD}.Debug|x86.Build.0 = Debug|Any CPU
		{65FCB614-4942-49E9-9B8A-165606C927AD}.Release|Any CPU.ActiveCfg = Release|Any CPU
		{65FCB614-4942-49E9-9B8A-165606C927AD}.Release|Any CPU.Build.0 = Release|Any CPU
		{65FCB614-4942-49E9-9B8A-165606C927AD}.Release|arm64.ActiveCfg = Release|Any CPU
		{65FCB614-4942-49E9-9B8A-165606C927AD}.Release|arm64.Build.0 = Release|Any CPU
		{65FCB614-4942-49E9-9B8A-165606C927AD}.Release|x64.ActiveCfg = Release|Any CPU
		{65FCB614-4942-49E9-9B8A-165606C927AD}.Release|x64.Build.0 = Release|Any CPU
		{65FCB614-4942-49E9-9B8A-165606C927AD}.Release|x86.ActiveCfg = Release|Any CPU
		{65FCB614-4942-49E9-9B8A-165606C927AD}.Release|x86.Build.0 = Release|Any CPU
		{63D25A02-E2FD-4288-913B-1E9CD8D0D44A}.Debug|Any CPU.ActiveCfg = Debug|Any CPU
		{63D25A02-E2FD-4288-913B-1E9CD8D0D44A}.Debug|Any CPU.Build.0 = Debug|Any CPU
		{63D25A02-E2FD-4288-913B-1E9CD8D0D44A}.Debug|arm64.ActiveCfg = Debug|Any CPU
		{63D25A02-E2FD-4288-913B-1E9CD8D0D44A}.Debug|arm64.Build.0 = Debug|Any CPU
		{63D25A02-E2FD-4288-913B-1E9CD8D0D44A}.Debug|x64.ActiveCfg = Debug|Any CPU
		{63D25A02-E2FD-4288-913B-1E9CD8D0D44A}.Debug|x64.Build.0 = Debug|Any CPU
		{63D25A02-E2FD-4288-913B-1E9CD8D0D44A}.Debug|x86.ActiveCfg = Debug|Any CPU
		{63D25A02-E2FD-4288-913B-1E9CD8D0D44A}.Debug|x86.Build.0 = Debug|Any CPU
		{63D25A02-E2FD-4288-913B-1E9CD8D0D44A}.Release|Any CPU.ActiveCfg = Release|Any CPU
		{63D25A02-E2FD-4288-913B-1E9CD8D0D44A}.Release|Any CPU.Build.0 = Release|Any CPU
		{63D25A02-E2FD-4288-913B-1E9CD8D0D44A}.Release|arm64.ActiveCfg = Release|Any CPU
		{63D25A02-E2FD-4288-913B-1E9CD8D0D44A}.Release|arm64.Build.0 = Release|Any CPU
		{63D25A02-E2FD-4288-913B-1E9CD8D0D44A}.Release|x64.ActiveCfg = Release|Any CPU
		{63D25A02-E2FD-4288-913B-1E9CD8D0D44A}.Release|x64.Build.0 = Release|Any CPU
		{63D25A02-E2FD-4288-913B-1E9CD8D0D44A}.Release|x86.ActiveCfg = Release|Any CPU
		{63D25A02-E2FD-4288-913B-1E9CD8D0D44A}.Release|x86.Build.0 = Release|Any CPU
		{5E042955-9724-48C6-B2B1-DB011BDCC9E1}.Debug|Any CPU.ActiveCfg = Debug|Any CPU
		{5E042955-9724-48C6-B2B1-DB011BDCC9E1}.Debug|Any CPU.Build.0 = Debug|Any CPU
		{5E042955-9724-48C6-B2B1-DB011BDCC9E1}.Debug|arm64.ActiveCfg = Debug|Any CPU
		{5E042955-9724-48C6-B2B1-DB011BDCC9E1}.Debug|arm64.Build.0 = Debug|Any CPU
		{5E042955-9724-48C6-B2B1-DB011BDCC9E1}.Debug|x64.ActiveCfg = Debug|Any CPU
		{5E042955-9724-48C6-B2B1-DB011BDCC9E1}.Debug|x64.Build.0 = Debug|Any CPU
		{5E042955-9724-48C6-B2B1-DB011BDCC9E1}.Debug|x86.ActiveCfg = Debug|Any CPU
		{5E042955-9724-48C6-B2B1-DB011BDCC9E1}.Debug|x86.Build.0 = Debug|Any CPU
		{5E042955-9724-48C6-B2B1-DB011BDCC9E1}.Release|Any CPU.ActiveCfg = Release|Any CPU
		{5E042955-9724-48C6-B2B1-DB011BDCC9E1}.Release|Any CPU.Build.0 = Release|Any CPU
		{5E042955-9724-48C6-B2B1-DB011BDCC9E1}.Release|arm64.ActiveCfg = Release|Any CPU
		{5E042955-9724-48C6-B2B1-DB011BDCC9E1}.Release|arm64.Build.0 = Release|Any CPU
		{5E042955-9724-48C6-B2B1-DB011BDCC9E1}.Release|x64.ActiveCfg = Release|Any CPU
		{5E042955-9724-48C6-B2B1-DB011BDCC9E1}.Release|x64.Build.0 = Release|Any CPU
		{5E042955-9724-48C6-B2B1-DB011BDCC9E1}.Release|x86.ActiveCfg = Release|Any CPU
		{5E042955-9724-48C6-B2B1-DB011BDCC9E1}.Release|x86.Build.0 = Release|Any CPU
	EndGlobalSection
	GlobalSection(SolutionProperties) = preSolution
		HideSolutionNode = FALSE
	EndGlobalSection
	GlobalSection(NestedProjects) = preSolution
		{5E042955-9724-48C6-B2B1-DB011BDCC9E1} = {0460DC92-6957-45D4-83D2-640F10CAC926}
	EndGlobalSection
	GlobalSection(ExtensibilityGlobals) = postSolution
		SolutionGuid = {3BB38CFC-0E7F-4A28-9D98-A8521A902903}
	EndGlobalSection
EndGlobal
